// !$*UTF8*$!
{
	archiveVersion = 1;
	classes = {
	};
	objectVersion = 56;
	objects = {

/* Begin PBXBuildFile section */
		A9404D8229DF57DF00130A7C /* IntroPage.swift in Sources */ = {isa = PBXBuildFile; fileRef = A9404D8129DF57DF00130A7C /* IntroPage.swift */; };
		A99FA75629DB127C006CE9DC /* SwiftzeeApp.swift in Sources */ = {isa = PBXBuildFile; fileRef = A99FA75529DB127C006CE9DC /* SwiftzeeApp.swift */; };
		A99FA75829DB127C006CE9DC /* ContentView.swift in Sources */ = {isa = PBXBuildFile; fileRef = A99FA75729DB127C006CE9DC /* ContentView.swift */; };
		A99FA75A29DB127C006CE9DC /* Assets.xcassets in Resources */ = {isa = PBXBuildFile; fileRef = A99FA75929DB127C006CE9DC /* Assets.xcassets */; };
		A99FA75D29DB127C006CE9DC /* Preview Assets.xcassets in Resources */ = {isa = PBXBuildFile; fileRef = A99FA75C29DB127C006CE9DC /* Preview Assets.xcassets */; };
		A99FA76729DB127C006CE9DC /* SwiftzeeTests.swift in Sources */ = {isa = PBXBuildFile; fileRef = A99FA76629DB127C006CE9DC /* SwiftzeeTests.swift */; };
		A99FA77129DB127C006CE9DC /* SwiftzeeUITests.swift in Sources */ = {isa = PBXBuildFile; fileRef = A99FA77029DB127C006CE9DC /* SwiftzeeUITests.swift */; };
		A99FA77329DB127C006CE9DC /* SwiftzeeUITestsLaunchTests.swift in Sources */ = {isa = PBXBuildFile; fileRef = A99FA77229DB127C006CE9DC /* SwiftzeeUITestsLaunchTests.swift */; };
		A9E4B6EE29DCE1C80032734A /* Game.swift in Sources */ = {isa = PBXBuildFile; fileRef = A9E4B6ED29DCE1C80032734A /* Game.swift */; };
		A9E4B75D29DD6BE30032734A /* GameController.swift in Sources */ = {isa = PBXBuildFile; fileRef = A9E4B75C29DD6BE30032734A /* GameController.swift */; };
/* End PBXBuildFile section */

/* Begin PBXContainerItemProxy section */
		A99FA76329DB127C006CE9DC /* PBXContainerItemProxy */ = {
			isa = PBXContainerItemProxy;
			containerPortal = A99FA74A29DB127B006CE9DC /* Project object */;
			proxyType = 1;
			remoteGlobalIDString = A99FA75129DB127B006CE9DC;
			remoteInfo = Swiftzee;
		};
		A99FA76D29DB127C006CE9DC /* PBXContainerItemProxy */ = {
			isa = PBXContainerItemProxy;
			containerPortal = A99FA74A29DB127B006CE9DC /* Project object */;
			proxyType = 1;
			remoteGlobalIDString = A99FA75129DB127B006CE9DC;
			remoteInfo = Swiftzee;
		};
/* End PBXContainerItemProxy section */

/* Begin PBXFileReference section */
		A9404D8129DF57DF00130A7C /* IntroPage.swift */ = {isa = PBXFileReference; lastKnownFileType = sourcecode.swift; path = IntroPage.swift; sourceTree = "<group>"; };
		A99FA75229DB127C006CE9DC /* Swiftzee.app */ = {isa = PBXFileReference; explicitFileType = wrapper.application; includeInIndex = 0; path = Swiftzee.app; sourceTree = BUILT_PRODUCTS_DIR; };
		A99FA75529DB127C006CE9DC /* SwiftzeeApp.swift */ = {isa = PBXFileReference; lastKnownFileType = sourcecode.swift; path = SwiftzeeApp.swift; sourceTree = "<group>"; };
		A99FA75729DB127C006CE9DC /* ContentView.swift */ = {isa = PBXFileReference; lastKnownFileType = sourcecode.swift; path = ContentView.swift; sourceTree = "<group>"; };
		A99FA75929DB127C006CE9DC /* Assets.xcassets */ = {isa = PBXFileReference; lastKnownFileType = folder.assetcatalog; path = Assets.xcassets; sourceTree = "<group>"; };
		A99FA75C29DB127C006CE9DC /* Preview Assets.xcassets */ = {isa = PBXFileReference; lastKnownFileType = folder.assetcatalog; path = "Preview Assets.xcassets"; sourceTree = "<group>"; };
		A99FA76229DB127C006CE9DC /* SwiftzeeTests.xctest */ = {isa = PBXFileReference; explicitFileType = wrapper.cfbundle; includeInIndex = 0; path = SwiftzeeTests.xctest; sourceTree = BUILT_PRODUCTS_DIR; };
		A99FA76629DB127C006CE9DC /* SwiftzeeTests.swift */ = {isa = PBXFileReference; lastKnownFileType = sourcecode.swift; path = SwiftzeeTests.swift; sourceTree = "<group>"; };
		A99FA76C29DB127C006CE9DC /* SwiftzeeUITests.xctest */ = {isa = PBXFileReference; explicitFileType = wrapper.cfbundle; includeInIndex = 0; path = SwiftzeeUITests.xctest; sourceTree = BUILT_PRODUCTS_DIR; };
		A99FA77029DB127C006CE9DC /* SwiftzeeUITests.swift */ = {isa = PBXFileReference; lastKnownFileType = sourcecode.swift; path = SwiftzeeUITests.swift; sourceTree = "<group>"; };
		A99FA77229DB127C006CE9DC /* SwiftzeeUITestsLaunchTests.swift */ = {isa = PBXFileReference; lastKnownFileType = sourcecode.swift; path = SwiftzeeUITestsLaunchTests.swift; sourceTree = "<group>"; };
		A9E4B6ED29DCE1C80032734A /* Game.swift */ = {isa = PBXFileReference; lastKnownFileType = sourcecode.swift; path = Game.swift; sourceTree = "<group>"; };
		A9E4B75C29DD6BE30032734A /* GameController.swift */ = {isa = PBXFileReference; lastKnownFileType = sourcecode.swift; path = GameController.swift; sourceTree = "<group>"; };
/* End PBXFileReference section */

/* Begin PBXFrameworksBuildPhase section */
		A99FA74F29DB127B006CE9DC /* Frameworks */ = {
			isa = PBXFrameworksBuildPhase;
			buildActionMask = 2147483647;
			files = (
			);
			runOnlyForDeploymentPostprocessing = 0;
		};
		A99FA75F29DB127C006CE9DC /* Frameworks */ = {
			isa = PBXFrameworksBuildPhase;
			buildActionMask = 2147483647;
			files = (
			);
			runOnlyForDeploymentPostprocessing = 0;
		};
		A99FA76929DB127C006CE9DC /* Frameworks */ = {
			isa = PBXFrameworksBuildPhase;
			buildActionMask = 2147483647;
			files = (
			);
			runOnlyForDeploymentPostprocessing = 0;
		};
/* End PBXFrameworksBuildPhase section */

/* Begin PBXGroup section */
		A99FA74929DB127B006CE9DC = {
			isa = PBXGroup;
			children = (
				A99FA75429DB127C006CE9DC /* Swiftzee */,
				A99FA76529DB127C006CE9DC /* SwiftzeeTests */,
				A99FA76F29DB127C006CE9DC /* SwiftzeeUITests */,
				A99FA75329DB127C006CE9DC /* Products */,
			);
			sourceTree = "<group>";
		};
		A99FA75329DB127C006CE9DC /* Products */ = {
			isa = PBXGroup;
			children = (
				A99FA75229DB127C006CE9DC /* Swiftzee.app */,
				A99FA76229DB127C006CE9DC /* SwiftzeeTests.xctest */,
				A99FA76C29DB127C006CE9DC /* SwiftzeeUITests.xctest */,
			);
			name = Products;
			sourceTree = "<group>";
		};
		A99FA75429DB127C006CE9DC /* Swiftzee */ = {
			isa = PBXGroup;
			children = (
				A99FA75529DB127C006CE9DC /* SwiftzeeApp.swift */,
				A99FA75729DB127C006CE9DC /* ContentView.swift */,
				A99FA75929DB127C006CE9DC /* Assets.xcassets */,
				A99FA75B29DB127C006CE9DC /* Preview Content */,
				A9E4B6ED29DCE1C80032734A /* Game.swift */,
				A9E4B75C29DD6BE30032734A /* GameController.swift */,
				A9404D8129DF57DF00130A7C /* IntroPage.swift */,
			);
			path = Swiftzee;
			sourceTree = "<group>";
		};
		A99FA75B29DB127C006CE9DC /* Preview Content */ = {
			isa = PBXGroup;
			children = (
				A99FA75C29DB127C006CE9DC /* Preview Assets.xcassets */,
			);
			path = "Preview Content";
			sourceTree = "<group>";
		};
		A99FA76529DB127C006CE9DC /* SwiftzeeTests */ = {
			isa = PBXGroup;
			children = (
				A99FA76629DB127C006CE9DC /* SwiftzeeTests.swift */,
			);
			path = SwiftzeeTests;
			sourceTree = "<group>";
		};
		A99FA76F29DB127C006CE9DC /* SwiftzeeUITests */ = {
			isa = PBXGroup;
			children = (
				A99FA77029DB127C006CE9DC /* SwiftzeeUITests.swift */,
				A99FA77229DB127C006CE9DC /* SwiftzeeUITestsLaunchTests.swift */,
			);
			path = SwiftzeeUITests;
			sourceTree = "<group>";
		};
/* End PBXGroup section */

/* Begin PBXNativeTarget section */
		A99FA75129DB127B006CE9DC /* Swiftzee */ = {
			isa = PBXNativeTarget;
			buildConfigurationList = A99FA77629DB127C006CE9DC /* Build configuration list for PBXNativeTarget "Swiftzee" */;
			buildPhases = (
				A99FA74E29DB127B006CE9DC /* Sources */,
				A99FA74F29DB127B006CE9DC /* Frameworks */,
				A99FA75029DB127B006CE9DC /* Resources */,
			);
			buildRules = (
			);
			dependencies = (
			);
			name = Swiftzee;
			productName = Swiftzee;
			productReference = A99FA75229DB127C006CE9DC /* Swiftzee.app */;
			productType = "com.apple.product-type.application";
		};
		A99FA76129DB127C006CE9DC /* SwiftzeeTests */ = {
			isa = PBXNativeTarget;
			buildConfigurationList = A99FA77929DB127C006CE9DC /* Build configuration list for PBXNativeTarget "SwiftzeeTests" */;
			buildPhases = (
				A99FA75E29DB127C006CE9DC /* Sources */,
				A99FA75F29DB127C006CE9DC /* Frameworks */,
				A99FA76029DB127C006CE9DC /* Resources */,
			);
			buildRules = (
			);
			dependencies = (
				A99FA76429DB127C006CE9DC /* PBXTargetDependency */,
			);
			name = SwiftzeeTests;
			productName = SwiftzeeTests;
			productReference = A99FA76229DB127C006CE9DC /* SwiftzeeTests.xctest */;
			productType = "com.apple.product-type.bundle.unit-test";
		};
		A99FA76B29DB127C006CE9DC /* SwiftzeeUITests */ = {
			isa = PBXNativeTarget;
			buildConfigurationList = A99FA77C29DB127C006CE9DC /* Build configuration list for PBXNativeTarget "SwiftzeeUITests" */;
			buildPhases = (
				A99FA76829DB127C006CE9DC /* Sources */,
				A99FA76929DB127C006CE9DC /* Frameworks */,
				A99FA76A29DB127C006CE9DC /* Resources */,
			);
			buildRules = (
			);
			dependencies = (
				A99FA76E29DB127C006CE9DC /* PBXTargetDependency */,
			);
			name = SwiftzeeUITests;
			productName = SwiftzeeUITests;
			productReference = A99FA76C29DB127C006CE9DC /* SwiftzeeUITests.xctest */;
			productType = "com.apple.product-type.bundle.ui-testing";
		};
/* End PBXNativeTarget section */

/* Begin PBXProject section */
		A99FA74A29DB127B006CE9DC /* Project object */ = {
			isa = PBXProject;
			attributes = {
				BuildIndependentTargetsInParallel = 1;
				LastSwiftUpdateCheck = 1420;
				LastUpgradeCheck = 1420;
				TargetAttributes = {
					A99FA75129DB127B006CE9DC = {
						CreatedOnToolsVersion = 14.2;
					};
					A99FA76129DB127C006CE9DC = {
						CreatedOnToolsVersion = 14.2;
						TestTargetID = A99FA75129DB127B006CE9DC;
					};
					A99FA76B29DB127C006CE9DC = {
						CreatedOnToolsVersion = 14.2;
						TestTargetID = A99FA75129DB127B006CE9DC;
					};
				};
			};
			buildConfigurationList = A99FA74D29DB127B006CE9DC /* Build configuration list for PBXProject "Swiftzee" */;
			compatibilityVersion = "Xcode 14.0";
			developmentRegion = en;
			hasScannedForEncodings = 0;
			knownRegions = (
				en,
				Base,
			);
			mainGroup = A99FA74929DB127B006CE9DC;
			productRefGroup = A99FA75329DB127C006CE9DC /* Products */;
			projectDirPath = "";
			projectRoot = "";
			targets = (
				A99FA75129DB127B006CE9DC /* Swiftzee */,
				A99FA76129DB127C006CE9DC /* SwiftzeeTests */,
				A99FA76B29DB127C006CE9DC /* SwiftzeeUITests */,
			);
		};
/* End PBXProject section */

/* Begin PBXResourcesBuildPhase section */
		A99FA75029DB127B006CE9DC /* Resources */ = {
			isa = PBXResourcesBuildPhase;
			buildActionMask = 2147483647;
			files = (
				A99FA75D29DB127C006CE9DC /* Preview Assets.xcassets in Resources */,
				A99FA75A29DB127C006CE9DC /* Assets.xcassets in Resources */,
			);
			runOnlyForDeploymentPostprocessing = 0;
		};
		A99FA76029DB127C006CE9DC /* Resources */ = {
			isa = PBXResourcesBuildPhase;
			buildActionMask = 2147483647;
			files = (
			);
			runOnlyForDeploymentPostprocessing = 0;
		};
		A99FA76A29DB127C006CE9DC /* Resources */ = {
			isa = PBXResourcesBuildPhase;
			buildActionMask = 2147483647;
			files = (
			);
			runOnlyForDeploymentPostprocessing = 0;
		};
/* End PBXResourcesBuildPhase section */

/* Begin PBXSourcesBuildPhase section */
		A99FA74E29DB127B006CE9DC /* Sources */ = {
			isa = PBXSourcesBuildPhase;
			buildActionMask = 2147483647;
			files = (
				A99FA75829DB127C006CE9DC /* ContentView.swift in Sources */,
				A9E4B75D29DD6BE30032734A /* GameController.swift in Sources */,
				A9404D8229DF57DF00130A7C /* IntroPage.swift in Sources */,
				A9E4B6EE29DCE1C80032734A /* Game.swift in Sources */,
				A99FA75629DB127C006CE9DC /* SwiftzeeApp.swift in Sources */,
			);
			runOnlyForDeploymentPostprocessing = 0;
		};
		A99FA75E29DB127C006CE9DC /* Sources */ = {
			isa = PBXSourcesBuildPhase;
			buildActionMask = 2147483647;
			files = (
				A99FA76729DB127C006CE9DC /* SwiftzeeTests.swift in Sources */,
			);
			runOnlyForDeploymentPostprocessing = 0;
		};
		A99FA76829DB127C006CE9DC /* Sources */ = {
			isa = PBXSourcesBuildPhase;
			buildActionMask = 2147483647;
			files = (
				A99FA77329DB127C006CE9DC /* SwiftzeeUITestsLaunchTests.swift in Sources */,
				A99FA77129DB127C006CE9DC /* SwiftzeeUITests.swift in Sources */,
			);
			runOnlyForDeploymentPostprocessing = 0;
		};
/* End PBXSourcesBuildPhase section */

/* Begin PBXTargetDependency section */
		A99FA76429DB127C006CE9DC /* PBXTargetDependency */ = {
			isa = PBXTargetDependency;
			target = A99FA75129DB127B006CE9DC /* Swiftzee */;
			targetProxy = A99FA76329DB127C006CE9DC /* PBXContainerItemProxy */;
		};
		A99FA76E29DB127C006CE9DC /* PBXTargetDependency */ = {
			isa = PBXTargetDependency;
			target = A99FA75129DB127B006CE9DC /* Swiftzee */;
			targetProxy = A99FA76D29DB127C006CE9DC /* PBXContainerItemProxy */;
		};
/* End PBXTargetDependency section */

/* Begin XCBuildConfiguration section */
		A99FA77429DB127C006CE9DC /* Debug */ = {
			isa = XCBuildConfiguration;
			buildSettings = {
				ALWAYS_SEARCH_USER_PATHS = NO;
				CLANG_ANALYZER_NONNULL = YES;
				CLANG_ANALYZER_NUMBER_OBJECT_CONVERSION = YES_AGGRESSIVE;
				CLANG_CXX_LANGUAGE_STANDARD = "gnu++20";
				CLANG_ENABLE_MODULES = YES;
				CLANG_ENABLE_OBJC_ARC = YES;
				CLANG_ENABLE_OBJC_WEAK = YES;
				CLANG_WARN_BLOCK_CAPTURE_AUTORELEASING = YES;
				CLANG_WARN_BOOL_CONVERSION = YES;
				CLANG_WARN_COMMA = YES;
				CLANG_WARN_CONSTANT_CONVERSION = YES;
				CLANG_WARN_DEPRECATED_OBJC_IMPLEMENTATIONS = YES;
				CLANG_WARN_DIRECT_OBJC_ISA_USAGE = YES_ERROR;
				CLANG_WARN_DOCUMENTATION_COMMENTS = YES;
				CLANG_WARN_EMPTY_BODY = YES;
				CLANG_WARN_ENUM_CONVERSION = YES;
				CLANG_WARN_INFINITE_RECURSION = YES;
				CLANG_WARN_INT_CONVERSION = YES;
				CLANG_WARN_NON_LITERAL_NULL_CONVERSION = YES;
				CLANG_WARN_OBJC_IMPLICIT_RETAIN_SELF = YES;
				CLANG_WARN_OBJC_LITERAL_CONVERSION = YES;
				CLANG_WARN_OBJC_ROOT_CLASS = YES_ERROR;
				CLANG_WARN_QUOTED_INCLUDE_IN_FRAMEWORK_HEADER = YES;
				CLANG_WARN_RANGE_LOOP_ANALYSIS = YES;
				CLANG_WARN_STRICT_PROTOTYPES = YES;
				CLANG_WARN_SUSPICIOUS_MOVE = YES;
				CLANG_WARN_UNGUARDED_AVAILABILITY = YES_AGGRESSIVE;
				CLANG_WARN_UNREACHABLE_CODE = YES;
				CLANG_WARN__DUPLICATE_METHOD_MATCH = YES;
				COPY_PHASE_STRIP = NO;
				DEBUG_INFORMATION_FORMAT = dwarf;
				ENABLE_STRICT_OBJC_MSGSEND = YES;
				ENABLE_TESTABILITY = YES;
				GCC_C_LANGUAGE_STANDARD = gnu11;
				GCC_DYNAMIC_NO_PIC = NO;
				GCC_NO_COMMON_BLOCKS = YES;
				GCC_OPTIMIZATION_LEVEL = 0;
				GCC_PREPROCESSOR_DEFINITIONS = (
					"DEBUG=1",
					"$(inherited)",
				);
				GCC_WARN_64_TO_32_BIT_CONVERSION = YES;
				GCC_WARN_ABOUT_RETURN_TYPE = YES_ERROR;
				GCC_WARN_UNDECLARED_SELECTOR = YES;
				GCC_WARN_UNINITIALIZED_AUTOS = YES_AGGRESSIVE;
				GCC_WARN_UNUSED_FUNCTION = YES;
				GCC_WARN_UNUSED_VARIABLE = YES;
				IPHONEOS_DEPLOYMENT_TARGET = 16.2;
				MTL_ENABLE_DEBUG_INFO = INCLUDE_SOURCE;
				MTL_FAST_MATH = YES;
				ONLY_ACTIVE_ARCH = YES;
				SDKROOT = iphoneos;
				SWIFT_ACTIVE_COMPILATION_CONDITIONS = DEBUG;
				SWIFT_OPTIMIZATION_LEVEL = "-Onone";
			};
			name = Debug;
		};
		A99FA77529DB127C006CE9DC /* Release */ = {
			isa = XCBuildConfiguration;
			buildSettings = {
				ALWAYS_SEARCH_USER_PATHS = NO;
				CLANG_ANALYZER_NONNULL = YES;
				CLANG_ANALYZER_NUMBER_OBJECT_CONVERSION = YES_AGGRESSIVE;
				CLANG_CXX_LANGUAGE_STANDARD = "gnu++20";
				CLANG_ENABLE_MODULES = YES;
				CLANG_ENABLE_OBJC_ARC = YES;
				CLANG_ENABLE_OBJC_WEAK = YES;
				CLANG_WARN_BLOCK_CAPTURE_AUTORELEASING = YES;
				CLANG_WARN_BOOL_CONVERSION = YES;
				CLANG_WARN_COMMA = YES;
				CLANG_WARN_CONSTANT_CONVERSION = YES;
				CLANG_WARN_DEPRECATED_OBJC_IMPLEMENTATIONS = YES;
				CLANG_WARN_DIRECT_OBJC_ISA_USAGE = YES_ERROR;
				CLANG_WARN_DOCUMENTATION_COMMENTS = YES;
				CLANG_WARN_EMPTY_BODY = YES;
				CLANG_WARN_ENUM_CONVERSION = YES;
				CLANG_WARN_INFINITE_RECURSION = YES;
				CLANG_WARN_INT_CONVERSION = YES;
				CLANG_WARN_NON_LITERAL_NULL_CONVERSION = YES;
				CLANG_WARN_OBJC_IMPLICIT_RETAIN_SELF = YES;
				CLANG_WARN_OBJC_LITERAL_CONVERSION = YES;
				CLANG_WARN_OBJC_ROOT_CLASS = YES_ERROR;
				CLANG_WARN_QUOTED_INCLUDE_IN_FRAMEWORK_HEADER = YES;
				CLANG_WARN_RANGE_LOOP_ANALYSIS = YES;
				CLANG_WARN_STRICT_PROTOTYPES = YES;
				CLANG_WARN_SUSPICIOUS_MOVE = YES;
				CLANG_WARN_UNGUARDED_AVAILABILITY = YES_AGGRESSIVE;
				CLANG_WARN_UNREACHABLE_CODE = YES;
				CLANG_WARN__DUPLICATE_METHOD_MATCH = YES;
				COPY_PHASE_STRIP = NO;
				DEBUG_INFORMATION_FORMAT = "dwarf-with-dsym";
				ENABLE_NS_ASSERTIONS = NO;
				ENABLE_STRICT_OBJC_MSGSEND = YES;
				GCC_C_LANGUAGE_STANDARD = gnu11;
				GCC_NO_COMMON_BLOCKS = YES;
				GCC_WARN_64_TO_32_BIT_CONVERSION = YES;
				GCC_WARN_ABOUT_RETURN_TYPE = YES_ERROR;
				GCC_WARN_UNDECLARED_SELECTOR = YES;
				GCC_WARN_UNINITIALIZED_AUTOS = YES_AGGRESSIVE;
				GCC_WARN_UNUSED_FUNCTION = YES;
				GCC_WARN_UNUSED_VARIABLE = YES;
				IPHONEOS_DEPLOYMENT_TARGET = 16.2;
				MTL_ENABLE_DEBUG_INFO = NO;
				MTL_FAST_MATH = YES;
				SDKROOT = iphoneos;
				SWIFT_COMPILATION_MODE = wholemodule;
				SWIFT_OPTIMIZATION_LEVEL = "-O";
				VALIDATE_PRODUCT = YES;
			};
			name = Release;
		};
		A99FA77729DB127C006CE9DC /* Debug */ = {
			isa = XCBuildConfiguration;
			buildSettings = {
				ASSETCATALOG_COMPILER_APPICON_NAME = AppIcon;
				ASSETCATALOG_COMPILER_GLOBAL_ACCENT_COLOR_NAME = AccentColor;
				CODE_SIGN_STYLE = Automatic;
				CURRENT_PROJECT_VERSION = 1;
				DEVELOPMENT_ASSET_PATHS = "\"Swiftzee/Preview Content\"";
				ENABLE_PREVIEWS = YES;
				GENERATE_INFOPLIST_FILE = YES;
				INFOPLIST_KEY_UIApplicationSceneManifest_Generation = YES;
				INFOPLIST_KEY_UIApplicationSupportsIndirectInputEvents = YES;
				INFOPLIST_KEY_UILaunchScreen_Generation = YES;
				INFOPLIST_KEY_UISupportedInterfaceOrientations_iPad = "UIInterfaceOrientationPortrait UIInterfaceOrientationPortraitUpsideDown UIInterfaceOrientationLandscapeLeft UIInterfaceOrientationLandscapeRight";
				INFOPLIST_KEY_UISupportedInterfaceOrientations_iPhone = "UIInterfaceOrientationPortrait UIInterfaceOrientationLandscapeLeft UIInterfaceOrientationLandscapeRight";
				LD_RUNPATH_SEARCH_PATHS = (
					"$(inherited)",
					"@executable_path/Frameworks",
				);
				MARKETING_VERSION = 1.0;
				PRODUCT_BUNDLE_IDENTIFIER = se.braindome.Swiftzee;
				PRODUCT_NAME = "$(TARGET_NAME)";
				SWIFT_EMIT_LOC_STRINGS = YES;
				SWIFT_VERSION = 5.0;
				TARGETED_DEVICE_FAMILY = "1,2";
			};
			name = Debug;
		};
		A99FA77829DB127C006CE9DC /* Release */ = {
			isa = XCBuildConfiguration;
			buildSettings = {
				ASSETCATALOG_COMPILER_APPICON_NAME = AppIcon;
				ASSETCATALOG_COMPILER_GLOBAL_ACCENT_COLOR_NAME = AccentColor;
				CODE_SIGN_STYLE = Automatic;
				CURRENT_PROJECT_VERSION = 1;
				DEVELOPMENT_ASSET_PATHS = "\"Swiftzee/Preview Content\"";
				ENABLE_PREVIEWS = YES;
				GENERATE_INFOPLIST_FILE = YES;
				INFOPLIST_KEY_UIApplicationSceneManifest_Generation = YES;
				INFOPLIST_KEY_UIApplicationSupportsIndirectInputEvents = YES;
				INFOPLIST_KEY_UILaunchScreen_Generation = YES;
				INFOPLIST_KEY_UISupportedInterfaceOrientations_iPad = "UIInterfaceOrientationPortrait UIInterfaceOrientationPortraitUpsideDown UIInterfaceOrientationLandscapeLeft UIInterfaceOrientationLandscapeRight";
				INFOPLIST_KEY_UISupportedInterfaceOrientations_iPhone = "UIInterfaceOrientationPortrait UIInterfaceOrientationLandscapeLeft UIInterfaceOrientationLandscapeRight";
				LD_RUNPATH_SEARCH_PATHS = (
					"$(inherited)",
					"@executable_path/Frameworks",
				);
				MARKETING_VERSION = 1.0;
				PRODUCT_BUNDLE_IDENTIFIER = se.braindome.Swiftzee;
				PRODUCT_NAME = "$(TARGET_NAME)";
				SWIFT_EMIT_LOC_STRINGS = YES;
				SWIFT_VERSION = 5.0;
				TARGETED_DEVICE_FAMILY = "1,2";
			};
			name = Release;
		};
		A99FA77A29DB127C006CE9DC /* Debug */ = {
			isa = XCBuildConfiguration;
			buildSettings = {
				ALWAYS_EMBED_SWIFT_STANDARD_LIBRARIES = YES;
				BUNDLE_LOADER = "$(TEST_HOST)";
				CODE_SIGN_STYLE = Automatic;
				CURRENT_PROJECT_VERSION = 1;
				GENERATE_INFOPLIST_FILE = YES;
				IPHONEOS_DEPLOYMENT_TARGET = 16.2;
				MARKETING_VERSION = 1.0;
				PRODUCT_BUNDLE_IDENTIFIER = se.braindome.SwiftzeeTests;
				PRODUCT_NAME = "$(TARGET_NAME)";
				SWIFT_EMIT_LOC_STRINGS = NO;
				SWIFT_VERSION = 5.0;
				TARGETED_DEVICE_FAMILY = "1,2";
				TEST_HOST = "$(BUILT_PRODUCTS_DIR)/Swiftzee.app/$(BUNDLE_EXECUTABLE_FOLDER_PATH)/Swiftzee";
			};
			name = Debug;
		};
		A99FA77B29DB127C006CE9DC /* Release */ = {
			isa = XCBuildConfiguration;
			buildSettings = {
				ALWAYS_EMBED_SWIFT_STANDARD_LIBRARIES = YES;
				BUNDLE_LOADER = "$(TEST_HOST)";
				CODE_SIGN_STYLE = Automatic;
				CURRENT_PROJECT_VERSION = 1;
				GENERATE_INFOPLIST_FILE = YES;
				IPHONEOS_DEPLOYMENT_TARGET = 16.2;
				MARKETING_VERSION = 1.0;
				PRODUCT_BUNDLE_IDENTIFIER = se.braindome.SwiftzeeTests;
				PRODUCT_NAME = "$(TARGET_NAME)";
				SWIFT_EMIT_LOC_STRINGS = NO;
				SWIFT_VERSION = 5.0;
				TARGETED_DEVICE_FAMILY = "1,2";
				TEST_HOST = "$(BUILT_PRODUCTS_DIR)/Swiftzee.app/$(BUNDLE_EXECUTABLE_FOLDER_PATH)/Swiftzee";
			};
			name = Release;
		};
		A99FA77D29DB127C006CE9DC /* Debug */ = {
			isa = XCBuildConfiguration;
			buildSettings = {
				ALWAYS_EMBED_SWIFT_STANDARD_LIBRARIES = YES;
				CODE_SIGN_STYLE = Automatic;
				CURRENT_PROJECT_VERSION = 1;
				GENERATE_INFOPLIST_FILE = YES;
				MARKETING_VERSION = 1.0;
				PRODUCT_BUNDLE_IDENTIFIER = se.braindome.SwiftzeeUITests;
				PRODUCT_NAME = "$(TARGET_NAME)";
				SWIFT_EMIT_LOC_STRINGS = NO;
				SWIFT_VERSION = 5.0;
				TARGETED_DEVICE_FAMILY = "1,2";
				TEST_TARGET_NAME = Swiftzee;
			};
			name = Debug;
		};
		A99FA77E29DB127C006CE9DC /* Release */ = {
			isa = XCBuildConfiguration;
			buildSettings = {
				ALWAYS_EMBED_SWIFT_STANDARD_LIBRARIES = YES;
				CODE_SIGN_STYLE = Automatic;
				CURRENT_PROJECT_VERSION = 1;
				GENERATE_INFOPLIST_FILE = YES;
				MARKETING_VERSION = 1.0;
				PRODUCT_BUNDLE_IDENTIFIER = se.braindome.SwiftzeeUITests;
				PRODUCT_NAME = "$(TARGET_NAME)";
				SWIFT_EMIT_LOC_STRINGS = NO;
				SWIFT_VERSION = 5.0;
				TARGETED_DEVICE_FAMILY = "1,2";
				TEST_TARGET_NAME = Swiftzee;
			};
			name = Release;
		};
/* End XCBuildConfiguration section */

/* Begin XCConfigurationList section */
		A99FA74D29DB127B006CE9DC /* Build configuration list for PBXProject "Swiftzee" */ = {
			isa = XCConfigurationList;
			buildConfigurations = (
				A99FA77429DB127C006CE9DC /* Debug */,
				A99FA77529DB127C006CE9DC /* Release */,
			);
			defaultConfigurationIsVisible = 0;
			defaultConfigurationName = Release;
		};
		A99FA77629DB127C006CE9DC /* Build configuration list for PBXNativeTarget "Swiftzee" */ = {
			isa = XCConfigurationList;
			buildConfigurations = (
				A99FA77729DB127C006CE9DC /* Debug */,
				A99FA77829DB127C006CE9DC /* Release */,
			);
			defaultConfigurationIsVisible = 0;
			defaultConfigurationName = Release;
		};
		A99FA77929DB127C006CE9DC /* Build configuration list for PBXNativeTarget "SwiftzeeTests" */ = {
			isa = XCConfigurationList;
			buildConfigurations = (
				A99FA77A29DB127C006CE9DC /* Debug */,
				A99FA77B29DB127C006CE9DC /* Release */,
			);
			defaultConfigurationIsVisible = 0;
			defaultConfigurationName = Release;
		};
		A99FA77C29DB127C006CE9DC /* Build configuration list for PBXNativeTarget "SwiftzeeUITests" */ = {
			isa = XCConfigurationList;
			buildConfigurations = (
				A99FA77D29DB127C006CE9DC /* Debug */,
				A99FA77E29DB127C006CE9DC /* Release */,
			);
			defaultConfigurationIsVisible = 0;
			defaultConfigurationName = Release;
		};
/* End XCConfigurationList section */
	};
	rootObject = A99FA74A29DB127B006CE9DC /* Project object */;
}
